[[package]]
name = "natsort"
version = "7.2.0"
description = "Simple yet flexible natural sorting in Python."
category = "main"
optional = false
python-versions = ">=3.6"

[package.extras]
fast = ["fastnumbers (>=2.0.0)"]
icu = ["PyICU (>=1.0.0)"]

[[package]]
name = "pypdf2"
version = "1.26.0"
description = "PDF toolkit"
category = "main"
optional = false
python-versions = "*"

[metadata]
lock-version = "1.1"
python-versions = "^3.8"
content-hash = "6398f4522813e97080b70de78443c308131ffee14af5065cdc4d0d3c990b071c"

[metadata.files]
natsort = [
    {file = "natsort-7.2.0-py3-none-any.whl", hash = "sha256:24f245daf9622683d4d2dfbd6076ba4aa0054074e73bbeea4253b4bfec0ea2bc"},
    {file = "natsort-7.2.0.tar.gz", hash = "sha256:e7054b4e1f47365f141602a742685165a552291b643a214652d0dd9d6cea58d1"},
]
pypdf2 = [
    {file = "PyPDF2-1.26.0.tar.gz", hash = "sha256:e28f902f2f0a1603ea95ebe21dff311ef09be3d0f0ef29a3e44a932729564385"},
]
