[[package]]
name = "pypdf2"
version = "1.26.0"
description = "PDF toolkit"
category = "main"
optional = false
python-versions = "*"

[metadata]
lock-version = "1.1"
python-versions = "^3.8"
content-hash = "15018f8589d2bd0ae476b2942b3e197998b22950ee1d47596d34644eccd9b8bd"

[metadata.files]
pypdf2 = [
    {file = "PyPDF2-1.26.0.tar.gz", hash = "sha256:e28f902f2f0a1603ea95ebe21dff311ef09be3d0f0ef29a3e44a932729564385"},
]
